
Microsoft Visual Studio Solution File, Format Version 12.00
# Visual Studio Version 17
VisualStudioVersion = 17.5.33502.453
MinimumVisualStudioVersion = 10.0.40219.1
Project("{FAE04EC0-301F-11D3-BF4B-00C04F79EFBC}") = "TextEditorMVC", "TextEditorMVC.csproj", "{8E9E1A7B-F066-4588-AEF7-95B74EAA57AA}"
EndProject
Global
	GlobalSection(SolutionConfigurationPlatforms) = preSolution
		Debug|Any CPU = Debug|Any CPU
		Release|Any CPU = Release|Any CPU
	EndGlobalSection
	GlobalSection(ProjectConfigurationPlatforms) = postSolution
		{8E9E1A7B-F066-4588-AEF7-95B74EAA57AA}.Debug|Any CPU.ActiveCfg = Debug|Any CPU
		{8E9E1A7B-F066-4588-AEF7-95B74EAA57AA}.Debug|Any CPU.Build.0 = Debug|Any CPU
		{8E9E1A7B-F066-4588-AEF7-95B74EAA57AA}.Release|Any CPU.ActiveCfg = Release|Any CPU
		{8E9E1A7B-F066-4588-AEF7-95B74EAA57AA}.Release|Any CPU.Build.0 = Release|Any CPU
	EndGlobalSection
	GlobalSection(SolutionProperties) = preSolution
		HideSolutionNode = FALSE
	EndGlobalSection
	GlobalSection(ExtensibilityGlobals) = postSolution
		SolutionGuid = {AC36138F-D641-4B52-AF79-94E4AE08392B}
	EndGlobalSection
EndGlobal
